
Microsoft Visual Studio Solution File, Format Version 12.00
# Visual Studio Version 17
VisualStudioVersion = 17.12.35527.113 d17.12
MinimumVisualStudioVersion = 10.0.40219.1
Project("{FAE04EC0-301F-11D3-BF4B-00C04F79EFBC}") = "MultipleUIRender", "MultipleUIRender\MultipleUIRender.csproj", "{B546D265-AB19-464E-82F8-D97BE48776E8}"
EndProject
Project("{FAE04EC0-301F-11D3-BF4B-00C04F79EFBC}") = "OrderFactorySample", "OrderFactorySample\OrderFactorySample.csproj", "{94C5306D-7630-4522-92A6-931372EF7856}"
EndProject
Global
	GlobalSection(SolutionConfigurationPlatforms) = preSolution
		Debug|Any CPU = Debug|Any CPU
		Release|Any CPU = Release|Any CPU
	EndGlobalSection
	GlobalSection(ProjectConfigurationPlatforms) = postSolution
		{B546D265-AB19-464E-82F8-D97BE48776E8}.Debug|Any CPU.ActiveCfg = Debug|Any CPU
		{B546D265-AB19-464E-82F8-D97BE48776E8}.Debug|Any CPU.Build.0 = Debug|Any CPU
		{B546D265-AB19-464E-82F8-D97BE48776E8}.Release|Any CPU.ActiveCfg = Release|Any CPU
		{B546D265-AB19-464E-82F8-D97BE48776E8}.Release|Any CPU.Build.0 = Release|Any CPU
		{94C5306D-7630-4522-92A6-931372EF7856}.Debug|Any CPU.ActiveCfg = Debug|Any CPU
		{94C5306D-7630-4522-92A6-931372EF7856}.Debug|Any CPU.Build.0 = Debug|Any CPU
		{94C5306D-7630-4522-92A6-931372EF7856}.Release|Any CPU.ActiveCfg = Release|Any CPU
		{94C5306D-7630-4522-92A6-931372EF7856}.Release|Any CPU.Build.0 = Release|Any CPU
	EndGlobalSection
	GlobalSection(SolutionProperties) = preSolution
		HideSolutionNode = FALSE
	EndGlobalSection
EndGlobal
